<Solution>
  <Project Path="Dsw2026Ej15.Api/Dsw2026Ej15.Api.csproj" Id="c7631cbc-606d-4c67-b5a4-1ba57a3a0fd1" />
  <Project Path="Dsw2026Ej15.Data/Dsw2026Ej15.Data.csproj" />
  <Project Path="Dsw2026Ej15.Domain/Dsw2026Ej15.Domain.csproj" />
  <Project Path="Dsw2026Ej15/Dsw2026Ej15.csproj" />
</Solution>
